{
  "nodes": {
    "nixpkgs": {
      "locked": {
        "lastModified": 1779467186,
        "narHash": "sha256-nOesoDCiXcUftqbRBMz9tt4blI5PvljMWbm3kuCA+0s=",
        "rev": "b77b3de8775677f84492abe84635f87b0e153f0f",
        "revCount": 913105,
        "type": "tarball",
        "url": "https://api.flakehub.com/f/pinned/NixOS/nixpkgs/0.2511.913105%2Brev-b77b3de8775677f84492abe84635f87b0e153f0f/019e5b1d-6f23-71b3-b873-a95e3a379808/source.tar.gz"
      },
      "original": {
        "type": "tarball",
        "url": "https://flakehub.com/f/NixOS/nixpkgs/0"
      }
    },
    "root": {
      "inputs": {
        "nixpkgs": "nixpkgs"
      }
    }
  },
  "root": "root",
  "version": 7
}
